
Microsoft Visual Studio Solution File, Format Version 12.00
Project("{FAE04EC0-301F-11D3-BF4B-00C04F79EFBC}") = "YTT_2_5", "YTT_2_5\YTT_2_5.csproj", "{38A160AB-BD21-4139-87A5-DD30AA81A922}"
EndProject
Global
	GlobalSection(SolutionConfigurationPlatforms) = preSolution
		Debug|Any CPU = Debug|Any CPU
		Release|Any CPU = Release|Any CPU
	EndGlobalSection
	GlobalSection(ProjectConfigurationPlatforms) = postSolution
		{38A160AB-BD21-4139-87A5-DD30AA81A922}.Debug|Any CPU.ActiveCfg = Debug|Any CPU
		{38A160AB-BD21-4139-87A5-DD30AA81A922}.Debug|Any CPU.Build.0 = Debug|Any CPU
		{38A160AB-BD21-4139-87A5-DD30AA81A922}.Release|Any CPU.ActiveCfg = Release|Any CPU
		{38A160AB-BD21-4139-87A5-DD30AA81A922}.Release|Any CPU.Build.0 = Release|Any CPU
	EndGlobalSection
EndGlobal
