
Microsoft Visual Studio Solution File, Format Version 12.00
Project("{FAE04EC0-301F-11D3-BF4B-00C04F79EFBC}") = "YTT_2_1", "YTT_2_1\YTT_2_1.csproj", "{DA451A96-4E13-4181-8E34-534A8194A1BE}"
EndProject
Global
	GlobalSection(SolutionConfigurationPlatforms) = preSolution
		Debug|Any CPU = Debug|Any CPU
		Release|Any CPU = Release|Any CPU
	EndGlobalSection
	GlobalSection(ProjectConfigurationPlatforms) = postSolution
		{DA451A96-4E13-4181-8E34-534A8194A1BE}.Debug|Any CPU.ActiveCfg = Debug|Any CPU
		{DA451A96-4E13-4181-8E34-534A8194A1BE}.Debug|Any CPU.Build.0 = Debug|Any CPU
		{DA451A96-4E13-4181-8E34-534A8194A1BE}.Release|Any CPU.ActiveCfg = Release|Any CPU
		{DA451A96-4E13-4181-8E34-534A8194A1BE}.Release|Any CPU.Build.0 = Release|Any CPU
	EndGlobalSection
EndGlobal
